DEPENDENCIES
  openstack-common
    git: https://github.com/openstack/cookbook-openstack-common.git
    revision: 479af11fd7fb06790ab1a246d8f027b18a647cf2
    branch: stable/ocata
  openstack-ops-database
    path: .
    metadata: true

GRAPH
  apt (5.1.0)
    compat_resource (>= 12.16.3)
  build-essential (8.0.3)
    mingw (>= 1.1)
    seven_zip (>= 0.0.0)
  chef-vault (3.0.0)
    compat_resource (>= 12.16.3)
  compat_resource (12.19.0)
  database (6.1.1)
    postgresql (>= 1.0.0)
  inifile_chef_gem (0.1.0)
    build-essential (>= 0.0.0)
  mariadb (1.5.1)
    apt (>= 0.0.0)
    build-essential (>= 0.0.0)
    selinux_policy (~> 2.0)
    yum (>= 0.0.0)
    yum-epel (>= 0.0.0)
    yum-scl (>= 0.0.0)
  mingw (2.0.1)
    seven_zip (>= 0.0.0)
  mysql (8.4.0)
  mysql2_chef_gem (2.0.1)
    build-essential (>= 2.4.0)
    mariadb (>= 0.0.0)
    mysql (>= 8.2.0)
  ohai (5.1.0)
  openssl (7.1.0)
  openstack-common (15.0.0)
    apt (~> 5.0)
    database (~> 6.1)
    mariadb (~> 1.5)
    mysql (~> 8.2)
    poise-python (~> 1.5)
    yum (~> 3.13)
    yum-epel (~> 2.0)
  openstack-ops-database (15.0.0)
    database (~> 6.1)
    mariadb (~> 1.5)
    mysql (~> 8.2)
    mysql2_chef_gem (~> 2.0)
    openstack-common (>= 15.0.0)
    percona (~> 0.16.1)
    postgresql (~> 5.1)
  percona (0.16.1)
    apt (>= 2.7.0)
    build-essential (>= 0.0.0)
    chef-vault (>= 0.0.0)
    openssl (>= 0.0.0)
    yum (~> 3.0)
    yum-epel (>= 0.0.0)
  poise (2.8.1)
  poise-archive (1.5.0)
    poise (~> 2.6)
  poise-languages (2.1.1)
    poise (~> 2.5)
    poise-archive (~> 1.0)
  poise-python (1.6.0)
    poise (~> 2.7)
    poise-languages (~> 2.0)
  postgresql (5.2.0)
    apt (>= 1.9.0)
    build-essential (>= 2.0.0)
    openssl (>= 4.0)
  selinux_policy (2.0.1)
    compat_resource (>= 12.16.3)
  seven_zip (2.0.2)
    windows (>= 1.2.2)
  windows (3.1.2)
    ohai (>= 4.0.0)
  yum (3.13.0)
  yum-epel (2.1.2)
    compat_resource (>= 12.16.3)
  yum-scl (0.2.0)
    inifile_chef_gem (>= 0.0.0)
    yum (>= 0.0.0)
